
Microsoft Visual Studio Solution File, Format Version 12.00
# Visual Studio Version 17
VisualStudioVersion = 17.14.36221.1
MinimumVisualStudioVersion = 10.0.40219.1
Project("{FAE04EC0-301F-11D3-BF4B-00C04F79EFBC}") = "Projeto ASP.NET Core ATEC", "Projeto ASP.NET Core ATEC.csproj", "{DB48FD58-279F-4FD4-BC5C-5D61B4BAC6BB}"
EndProject
Global
	GlobalSection(SolutionConfigurationPlatforms) = preSolution
		Debug|Any CPU = Debug|Any CPU
		Release|Any CPU = Release|Any CPU
	EndGlobalSection
	GlobalSection(ProjectConfigurationPlatforms) = postSolution
		{DB48FD58-279F-4FD4-BC5C-5D61B4BAC6BB}.Debug|Any CPU.ActiveCfg = Debug|Any CPU
		{DB48FD58-279F-4FD4-BC5C-5D61B4BAC6BB}.Debug|Any CPU.Build.0 = Debug|Any CPU
		{DB48FD58-279F-4FD4-BC5C-5D61B4BAC6BB}.Release|Any CPU.ActiveCfg = Release|Any CPU
		{DB48FD58-279F-4FD4-BC5C-5D61B4BAC6BB}.Release|Any CPU.Build.0 = Release|Any CPU
	EndGlobalSection
	GlobalSection(SolutionProperties) = preSolution
		HideSolutionNode = FALSE
	EndGlobalSection
	GlobalSection(ExtensibilityGlobals) = postSolution
		SolutionGuid = {72983074-DD1E-4B33-8EE1-644DFDACE0E0}
	EndGlobalSection
EndGlobal
